
Microsoft Visual Studio Solution File, Format Version 12.00
# Visual Studio 15
VisualStudioVersion = 15.0.27130.2020
MinimumVisualStudioVersion = 10.0.40219.1
Project("{FAE04EC0-301F-11D3-BF4B-00C04F79EFBC}") = "GraniteHouse", "GraniteHouse\GraniteHouse.csproj", "{BAA8DDDE-9A91-4314-B26C-4F21AE53AA27}"
EndProject
Global
	GlobalSection(SolutionConfigurationPlatforms) = preSolution
		Debug|Any CPU = Debug|Any CPU
		Release|Any CPU = Release|Any CPU
	EndGlobalSection
	GlobalSection(ProjectConfigurationPlatforms) = postSolution
		{BAA8DDDE-9A91-4314-B26C-4F21AE53AA27}.Debug|Any CPU.ActiveCfg = Debug|Any CPU
		{BAA8DDDE-9A91-4314-B26C-4F21AE53AA27}.Debug|Any CPU.Build.0 = Debug|Any CPU
		{BAA8DDDE-9A91-4314-B26C-4F21AE53AA27}.Release|Any CPU.ActiveCfg = Release|Any CPU
		{BAA8DDDE-9A91-4314-B26C-4F21AE53AA27}.Release|Any CPU.Build.0 = Release|Any CPU
	EndGlobalSection
	GlobalSection(SolutionProperties) = preSolution
		HideSolutionNode = FALSE
	EndGlobalSection
	GlobalSection(ExtensibilityGlobals) = postSolution
		SolutionGuid = {44AF5166-BBFD-43ED-8CE1-98108C489371}
	EndGlobalSection
EndGlobal
